[[package]]
name = "flatpak-alias"
version = "0.1.0"
dependencies = [
 "toml 0.4.6 (registry+https://github.com/rust-lang/crates.io-index)",
]

[[package]]
name = "serde"
version = "1.0.78"
source = "registry+https://github.com/rust-lang/crates.io-index"

[[package]]
name = "toml"
version = "0.4.6"
source = "registry+https://github.com/rust-lang/crates.io-index"
dependencies = [
 "serde 1.0.78 (registry+https://github.com/rust-lang/crates.io-index)",
]

[metadata]
"checksum serde 1.0.78 (registry+https://github.com/rust-lang/crates.io-index)" = "92ec94e2754699adddbbc4f555791bd3acc2a2f5574cba16c93a4a9cf4a04415"
"checksum toml 0.4.6 (registry+https://github.com/rust-lang/crates.io-index)" = "a0263c6c02c4db6c8f7681f9fd35e90de799ebd4cfdeab77a38f4ff6b3d8c0d9"
